{
  "name": "path-mapper",
  "version": "1.0.0",
  "lockfileVersion": 1,
  "requires": true,
  "dependencies": {
    "x-utils-es": {
      "version": "1.7.6",
      "resolved": "https://registry.npmjs.org/x-utils-es/-/x-utils-es-1.7.6.tgz",
      "integrity": "sha512-fOxyvoyLnIe74kq8aAH0yEtvpJApe6vIjuZBQVtRvqpS/5lJM5GlgdQ9wp2dPTI0UVhsekiveW2iAHmAvXVv+A=="
    }
  }
}
