{
  "name": "path-mapper",
  "version": "1.0.4",
  "lockfileVersion": 1,
  "requires": true,
  "dependencies": {
    "deepmerge": {
      "version": "4.2.2",
      "resolved": "https://registry.npmjs.org/deepmerge/-/deepmerge-4.2.2.tgz",
      "integrity": "sha512-FJ3UgI4gIl+PHZm53knsuSFpE+nESMr7M4v9QcgB7S63Kj/6WqMiFQJpBBYz1Pt+66bZpP3Q7Lye0Oo9MPKEdg=="
    },
    "x-utils-es": {
      "version": "1.7.6",
      "resolved": "https://registry.npmjs.org/x-utils-es/-/x-utils-es-1.7.6.tgz",
      "integrity": "sha512-fOxyvoyLnIe74kq8aAH0yEtvpJApe6vIjuZBQVtRvqpS/5lJM5GlgdQ9wp2dPTI0UVhsekiveW2iAHmAvXVv+A=="
    }
  }
}
